
Microsoft Visual Studio Solution File, Format Version 12.00
# Visual Studio 15
VisualStudioVersion = 15.0.27130.2036
MinimumVisualStudioVersion = 10.0.40219.1
Project("{FAE04EC0-301F-11D3-BF4B-00C04F79EFBC}") = "PatternGrapher", "PatternGrapher\PatternGrapher.csproj", "{19F49054-7C45-4194-B8A2-7EC4520C718B}"
EndProject
Global
	GlobalSection(SolutionConfigurationPlatforms) = preSolution
		Debug|Any CPU = Debug|Any CPU
		Release|Any CPU = Release|Any CPU
	EndGlobalSection
	GlobalSection(ProjectConfigurationPlatforms) = postSolution
		{19F49054-7C45-4194-B8A2-7EC4520C718B}.Debug|Any CPU.ActiveCfg = Debug|Any CPU
		{19F49054-7C45-4194-B8A2-7EC4520C718B}.Debug|Any CPU.Build.0 = Debug|Any CPU
		{19F49054-7C45-4194-B8A2-7EC4520C718B}.Release|Any CPU.ActiveCfg = Release|Any CPU
		{19F49054-7C45-4194-B8A2-7EC4520C718B}.Release|Any CPU.Build.0 = Release|Any CPU
	EndGlobalSection
	GlobalSection(SolutionProperties) = preSolution
		HideSolutionNode = FALSE
	EndGlobalSection
	GlobalSection(ExtensibilityGlobals) = postSolution
		SolutionGuid = {FDC50D62-4170-4783-B315-F3D8601ACD25}
	EndGlobalSection
EndGlobal
